
Microsoft Visual Studio Solution File, Format Version 12.00
# Visual Studio 2017
Project("{FAE04EC0-301F-11D3-BF4B-00C04F79EFBC}") = "LiHolo", "LiHolo.csproj", "{C38536FA-F5B0-7C54-47FD-092F0B6AFC95}"
EndProject
Project("{FAE04EC0-301F-11D3-BF4B-00C04F79EFBC}") = "LiHolo.Editor", "LiHolo.Editor.csproj", "{51DBA756-D088-9FEB-625F-BFA8817F2ADA}"
EndProject
Global
	GlobalSection(SolutionConfigurationPlatforms) = preSolution
		Debug|Any CPU = Debug|Any CPU
		Release|Any CPU = Release|Any CPU
	EndGlobalSection
	GlobalSection(ProjectConfigurationPlatforms) = postSolution
		{C38536FA-F5B0-7C54-47FD-092F0B6AFC95}.Debug|Any CPU.ActiveCfg = Debug|Any CPU
		{C38536FA-F5B0-7C54-47FD-092F0B6AFC95}.Debug|Any CPU.Build.0 = Debug|Any CPU
		{C38536FA-F5B0-7C54-47FD-092F0B6AFC95}.Release|Any CPU.ActiveCfg = Release|Any CPU
		{C38536FA-F5B0-7C54-47FD-092F0B6AFC95}.Release|Any CPU.Build.0 = Release|Any CPU
		{51DBA756-D088-9FEB-625F-BFA8817F2ADA}.Debug|Any CPU.ActiveCfg = Debug|Any CPU
		{51DBA756-D088-9FEB-625F-BFA8817F2ADA}.Debug|Any CPU.Build.0 = Debug|Any CPU
		{51DBA756-D088-9FEB-625F-BFA8817F2ADA}.Release|Any CPU.ActiveCfg = Release|Any CPU
		{51DBA756-D088-9FEB-625F-BFA8817F2ADA}.Release|Any CPU.Build.0 = Release|Any CPU
	EndGlobalSection
	GlobalSection(SolutionProperties) = preSolution
		HideSolutionNode = FALSE
	EndGlobalSection
EndGlobal
